{
    "name": "test1",
    "version": "0.1.0",
    "lockfileVersion": 3,
    "requires": true,
    "packages": {
        "": {
            "name": "test1",
            "version": "0.1.0",
            "workspaces": [
                "../"
            ],
            "devDependencies": {}
        },
        "..": {
            "version": "0.1.1",
            "devDependencies": {
                "eslint": "^8.44.0",
                "eslint-config-prettier": "^8.3.0",
                "eslint-plugin-prettier": "^5.0.0",
                "prettier": "^3.0.0"
            }
        },
        "node_modules/eisi": {
            "resolved": "..",
            "link": true
        }
    }
}
